Microsoft Visual Studio Solution File, Format Version 12.00
Project("{2150E333-8FDC-42A3-9474-1A3956D46DE8}") = "Solution Items", "Solution Items", "{ABAF695C-AD1E-4CE6-8B5E-A9EF447272F2}"
	ProjectSection(SolutionItems) = preProject
		docker-compose.yml = docker-compose.yml
	EndProjectSection
EndProject
Project("{2150E333-8FDC-42A3-9474-1A3956D46DE8}") = "ProductMicroservice", "ProductMicroservice", "{DBA36A73-3879-4998-AB7E-20A7501C0C24}"
EndProject
Project("{FAE04EC0-301F-11D3-BF4B-00C04F79EFBC}") = "Product.API", "ProductMicroservice\Product.API\Product.API.csproj", "{3EC24DD1-B616-48E0-B28F-CDA46F693DDF}"
EndProject
Project("{FAE04EC0-301F-11D3-BF4B-00C04F79EFBC}") = "Product.ApplicationCore", "ProductMicroservice\Product.ApplicationCore\Product.ApplicationCore.csproj", "{BA43F0A6-7E68-4C35-AF14-407D63F9728C}"
EndProject
Project("{FAE04EC0-301F-11D3-BF4B-00C04F79EFBC}") = "Product.Infrastructure", "ProductMicroservice\Product.Infrastructure\Product.Infrastructure.csproj", "{3BB1D89E-17AB-45EE-BDF0-05BBE92E3C75}"
EndProject
Project("{2150E333-8FDC-42A3-9474-1A3956D46DE8}") = "UserMicroservice", "UserMicroservice", "{B6389AB7-3300-41FB-8080-E7B21976AF64}"
EndProject
Project("{FAE04EC0-301F-11D3-BF4B-00C04F79EFBC}") = "User.API", "UserMicroservice\User.API\User.API.csproj", "{7BEFD200-1DA8-4863-BA91-B7D06DB65F08}"
EndProject
Project("{FAE04EC0-301F-11D3-BF4B-00C04F79EFBC}") = "User.ApplicationCore", "UserMicroservice\User.ApplicationCore\User.ApplicationCore.csproj", "{423F7BDE-3F33-4F74-B8EF-95F1F4157D44}"
EndProject
Project("{FAE04EC0-301F-11D3-BF4B-00C04F79EFBC}") = "User.Infrastructure", "UserMicroservice\User.Infrastructure\User.Infrastructure.csproj", "{8FC095ED-EA1D-4A51-8C78-E519ABDD314A}"
EndProject
Project("{2150E333-8FDC-42A3-9474-1A3956D46DE8}") = "OrderMicroservice", "OrderMicroservice", "{AF62365C-FC52-434E-B9BB-D3AF9F26CA80}"
EndProject
Project("{FAE04EC0-301F-11D3-BF4B-00C04F79EFBC}") = "Order.API", "OrderMicroservice\Order.API\Order.API.csproj", "{CEC28BA5-3542-42FC-B10C-AF689BB1930B}"
EndProject
Project("{FAE04EC0-301F-11D3-BF4B-00C04F79EFBC}") = "Order.ApplicationCore", "OrderMicroservice\Order.ApplicationCore\Order.ApplicationCore.csproj", "{69AEDA7A-40B0-498A-880C-944571DDF06B}"
EndProject
Project("{FAE04EC0-301F-11D3-BF4B-00C04F79EFBC}") = "Order.Infrastructure", "OrderMicroservice\Order.Infrastructure\Order.Infrastructure.csproj", "{36B19F4E-5470-4C03-AC2E-D6CCE4C87F83}"
EndProject
Project("{2150E333-8FDC-42A3-9474-1A3956D46DE8}") = "ReviewsMicroservice", "ReviewsMicroservice", "{350EB574-806A-41CD-858B-6356A3FB80F6}"
EndProject
Project("{FAE04EC0-301F-11D3-BF4B-00C04F79EFBC}") = "Reviews.Infrastructure", "ReviewsMicroservice\Reviews.Infrastructure\Reviews.Infrastructure.csproj", "{E8897B01-3B93-427D-809D-A89409BFFEB8}"
EndProject
Project("{FAE04EC0-301F-11D3-BF4B-00C04F79EFBC}") = "Reviews.ApplicationCore", "ReviewsMicroservice\Reviews.ApplicationCore\Reviews.ApplicationCore.csproj", "{46A6E9E8-3613-4386-ACA9-287840BB9B2F}"
EndProject
Project("{FAE04EC0-301F-11D3-BF4B-00C04F79EFBC}") = "Reviews.API", "ReviewsMicroservice\Reviews.API\Reviews.API.csproj", "{F82E9337-B20E-45DD-9702-6854B7A85BBE}"
EndProject
Global
	GlobalSection(SolutionConfigurationPlatforms) = preSolution
		Debug|Any CPU = Debug|Any CPU
		Release|Any CPU = Release|Any CPU
	EndGlobalSection
	GlobalSection(ProjectConfigurationPlatforms) = postSolution
		{3EC24DD1-B616-48E0-B28F-CDA46F693DDF}.Debug|Any CPU.ActiveCfg = Debug|Any CPU
		{3EC24DD1-B616-48E0-B28F-CDA46F693DDF}.Debug|Any CPU.Build.0 = Debug|Any CPU
		{3EC24DD1-B616-48E0-B28F-CDA46F693DDF}.Release|Any CPU.ActiveCfg = Release|Any CPU
		{3EC24DD1-B616-48E0-B28F-CDA46F693DDF}.Release|Any CPU.Build.0 = Release|Any CPU
		{BA43F0A6-7E68-4C35-AF14-407D63F9728C}.Debug|Any CPU.ActiveCfg = Debug|Any CPU
		{BA43F0A6-7E68-4C35-AF14-407D63F9728C}.Debug|Any CPU.Build.0 = Debug|Any CPU
		{BA43F0A6-7E68-4C35-AF14-407D63F9728C}.Release|Any CPU.ActiveCfg = Release|Any CPU
		{BA43F0A6-7E68-4C35-AF14-407D63F9728C}.Release|Any CPU.Build.0 = Release|Any CPU
		{3BB1D89E-17AB-45EE-BDF0-05BBE92E3C75}.Debug|Any CPU.ActiveCfg = Debug|Any CPU
		{3BB1D89E-17AB-45EE-BDF0-05BBE92E3C75}.Debug|Any CPU.Build.0 = Debug|Any CPU
		{3BB1D89E-17AB-45EE-BDF0-05BBE92E3C75}.Release|Any CPU.ActiveCfg = Release|Any CPU
		{3BB1D89E-17AB-45EE-BDF0-05BBE92E3C75}.Release|Any CPU.Build.0 = Release|Any CPU
		{7BEFD200-1DA8-4863-BA91-B7D06DB65F08}.Debug|Any CPU.ActiveCfg = Debug|Any CPU
		{7BEFD200-1DA8-4863-BA91-B7D06DB65F08}.Debug|Any CPU.Build.0 = Debug|Any CPU
		{7BEFD200-1DA8-4863-BA91-B7D06DB65F08}.Release|Any CPU.ActiveCfg = Release|Any CPU
		{7BEFD200-1DA8-4863-BA91-B7D06DB65F08}.Release|Any CPU.Build.0 = Release|Any CPU
		{423F7BDE-3F33-4F74-B8EF-95F1F4157D44}.Debug|Any CPU.ActiveCfg = Debug|Any CPU
		{423F7BDE-3F33-4F74-B8EF-95F1F4157D44}.Debug|Any CPU.Build.0 = Debug|Any CPU
		{423F7BDE-3F33-4F74-B8EF-95F1F4157D44}.Release|Any CPU.ActiveCfg = Release|Any CPU
		{423F7BDE-3F33-4F74-B8EF-95F1F4157D44}.Release|Any CPU.Build.0 = Release|Any CPU
		{8FC095ED-EA1D-4A51-8C78-E519ABDD314A}.Debug|Any CPU.ActiveCfg = Debug|Any CPU
		{8FC095ED-EA1D-4A51-8C78-E519ABDD314A}.Debug|Any CPU.Build.0 = Debug|Any CPU
		{8FC095ED-EA1D-4A51-8C78-E519ABDD314A}.Release|Any CPU.ActiveCfg = Release|Any CPU
		{8FC095ED-EA1D-4A51-8C78-E519ABDD314A}.Release|Any CPU.Build.0 = Release|Any CPU
		{CEC28BA5-3542-42FC-B10C-AF689BB1930B}.Debug|Any CPU.ActiveCfg = Debug|Any CPU
		{CEC28BA5-3542-42FC-B10C-AF689BB1930B}.Debug|Any CPU.Build.0 = Debug|Any CPU
		{CEC28BA5-3542-42FC-B10C-AF689BB1930B}.Release|Any CPU.ActiveCfg = Release|Any CPU
		{CEC28BA5-3542-42FC-B10C-AF689BB1930B}.Release|Any CPU.Build.0 = Release|Any CPU
		{69AEDA7A-40B0-498A-880C-944571DDF06B}.Debug|Any CPU.ActiveCfg = Debug|Any CPU
		{69AEDA7A-40B0-498A-880C-944571DDF06B}.Debug|Any CPU.Build.0 = Debug|Any CPU
		{69AEDA7A-40B0-498A-880C-944571DDF06B}.Release|Any CPU.ActiveCfg = Release|Any CPU
		{69AEDA7A-40B0-498A-880C-944571DDF06B}.Release|Any CPU.Build.0 = Release|Any CPU
		{36B19F4E-5470-4C03-AC2E-D6CCE4C87F83}.Debug|Any CPU.ActiveCfg = Debug|Any CPU
		{36B19F4E-5470-4C03-AC2E-D6CCE4C87F83}.Debug|Any CPU.Build.0 = Debug|Any CPU
		{36B19F4E-5470-4C03-AC2E-D6CCE4C87F83}.Release|Any CPU.ActiveCfg = Release|Any CPU
		{36B19F4E-5470-4C03-AC2E-D6CCE4C87F83}.Release|Any CPU.Build.0 = Release|Any CPU
		{E8897B01-3B93-427D-809D-A89409BFFEB8}.Debug|Any CPU.ActiveCfg = Debug|Any CPU
		{E8897B01-3B93-427D-809D-A89409BFFEB8}.Debug|Any CPU.Build.0 = Debug|Any CPU
		{E8897B01-3B93-427D-809D-A89409BFFEB8}.Release|Any CPU.ActiveCfg = Release|Any CPU
		{E8897B01-3B93-427D-809D-A89409BFFEB8}.Release|Any CPU.Build.0 = Release|Any CPU
		{46A6E9E8-3613-4386-ACA9-287840BB9B2F}.Debug|Any CPU.ActiveCfg = Debug|Any CPU
		{46A6E9E8-3613-4386-ACA9-287840BB9B2F}.Debug|Any CPU.Build.0 = Debug|Any CPU
		{46A6E9E8-3613-4386-ACA9-287840BB9B2F}.Release|Any CPU.ActiveCfg = Release|Any CPU
		{46A6E9E8-3613-4386-ACA9-287840BB9B2F}.Release|Any CPU.Build.0 = Release|Any CPU
		{F82E9337-B20E-45DD-9702-6854B7A85BBE}.Debug|Any CPU.ActiveCfg = Debug|Any CPU
		{F82E9337-B20E-45DD-9702-6854B7A85BBE}.Debug|Any CPU.Build.0 = Debug|Any CPU
		{F82E9337-B20E-45DD-9702-6854B7A85BBE}.Release|Any CPU.ActiveCfg = Release|Any CPU
		{F82E9337-B20E-45DD-9702-6854B7A85BBE}.Release|Any CPU.Build.0 = Release|Any CPU
	EndGlobalSection
	GlobalSection(NestedProjects) = preSolution
		{3EC24DD1-B616-48E0-B28F-CDA46F693DDF} = {DBA36A73-3879-4998-AB7E-20A7501C0C24}
		{BA43F0A6-7E68-4C35-AF14-407D63F9728C} = {DBA36A73-3879-4998-AB7E-20A7501C0C24}
		{3BB1D89E-17AB-45EE-BDF0-05BBE92E3C75} = {DBA36A73-3879-4998-AB7E-20A7501C0C24}
		{7BEFD200-1DA8-4863-BA91-B7D06DB65F08} = {B6389AB7-3300-41FB-8080-E7B21976AF64}
		{423F7BDE-3F33-4F74-B8EF-95F1F4157D44} = {B6389AB7-3300-41FB-8080-E7B21976AF64}
		{8FC095ED-EA1D-4A51-8C78-E519ABDD314A} = {B6389AB7-3300-41FB-8080-E7B21976AF64}
		{CEC28BA5-3542-42FC-B10C-AF689BB1930B} = {AF62365C-FC52-434E-B9BB-D3AF9F26CA80}
		{69AEDA7A-40B0-498A-880C-944571DDF06B} = {AF62365C-FC52-434E-B9BB-D3AF9F26CA80}
		{36B19F4E-5470-4C03-AC2E-D6CCE4C87F83} = {AF62365C-FC52-434E-B9BB-D3AF9F26CA80}
		{E8897B01-3B93-427D-809D-A89409BFFEB8} = {350EB574-806A-41CD-858B-6356A3FB80F6}
		{46A6E9E8-3613-4386-ACA9-287840BB9B2F} = {350EB574-806A-41CD-858B-6356A3FB80F6}
		{F82E9337-B20E-45DD-9702-6854B7A85BBE} = {350EB574-806A-41CD-858B-6356A3FB80F6}
	EndGlobalSection
EndGlobal
